
Microsoft Visual Studio Solution File, Format Version 12.00
# Visual Studio Version 16
VisualStudioVersion = 16.0.31729.503
MinimumVisualStudioVersion = 10.0.40219.1
Project("{2150E333-8FDC-42A3-9474-1A3956D46DE8}") = "Services", "Services", "{9BC854C9-A242-472A-9CAB-C568BAC0FD99}"
EndProject
Project("{2150E333-8FDC-42A3-9474-1A3956D46DE8}") = "Company", "Company", "{588B3EC5-94F5-4019-919A-400B2249457E}"
EndProject
Project("{9A19103F-16F7-4668-BE54-9A1E7A4F7556}") = "Company.API", "Services\Company\Company.API\Company.API.csproj", "{FA64B022-C0EF-4760-BC6A-E76F96E0AB11}"
EndProject
Project("{2150E333-8FDC-42A3-9474-1A3956D46DE8}") = "Stock", "Stock", "{94FF6DCE-3F80-4550-9C58-F47718BBFFFD}"
EndProject
Project("{FAE04EC0-301F-11D3-BF4B-00C04F79EFBC}") = "Stock.API", "Services\Stock\Stock.API\Stock.API.csproj", "{C9AF4BB4-63AC-42B7-A3EB-F1CB0F0297BF}"
EndProject
Project("{FAE04EC0-301F-11D3-BF4B-00C04F79EFBC}") = "Stock.Domain", "Services\Stock\Stock.Domain\Stock.Domain.csproj", "{C666132D-5F55-4CA6-A89F-C9492B656C27}"
EndProject
Project("{FAE04EC0-301F-11D3-BF4B-00C04F79EFBC}") = "Stock.Application", "Services\Stock\Stock.Application\Stock.Application.csproj", "{9F79AC2D-19A0-4025-9A7B-1007D033A8C5}"
EndProject
Project("{FAE04EC0-301F-11D3-BF4B-00C04F79EFBC}") = "Stock.Infrastructure", "Services\Stock\Stock.Infrastructure\Stock.Infrastructure.csproj", "{86E619A9-C901-4E3F-AF89-CC5FE32CE30B}"
EndProject
Project("{2150E333-8FDC-42A3-9474-1A3956D46DE8}") = "API Gateway", "API Gateway", "{F54BAAF8-3FED-4FA6-8A03-AC593654B682}"
EndProject
Project("{FAE04EC0-301F-11D3-BF4B-00C04F79EFBC}") = "APIGateway", "Services\APIGateway\APIGateway.csproj", "{3E5AE3DE-19CD-47C9-AA40-C14FEA39072E}"
EndProject
Global
	GlobalSection(SolutionConfigurationPlatforms) = preSolution
		Debug|Any CPU = Debug|Any CPU
		Release|Any CPU = Release|Any CPU
	EndGlobalSection
	GlobalSection(ProjectConfigurationPlatforms) = postSolution
		{FA64B022-C0EF-4760-BC6A-E76F96E0AB11}.Debug|Any CPU.ActiveCfg = Debug|Any CPU
		{FA64B022-C0EF-4760-BC6A-E76F96E0AB11}.Debug|Any CPU.Build.0 = Debug|Any CPU
		{FA64B022-C0EF-4760-BC6A-E76F96E0AB11}.Release|Any CPU.ActiveCfg = Release|Any CPU
		{FA64B022-C0EF-4760-BC6A-E76F96E0AB11}.Release|Any CPU.Build.0 = Release|Any CPU
		{C9AF4BB4-63AC-42B7-A3EB-F1CB0F0297BF}.Debug|Any CPU.ActiveCfg = Debug|Any CPU
		{C9AF4BB4-63AC-42B7-A3EB-F1CB0F0297BF}.Debug|Any CPU.Build.0 = Debug|Any CPU
		{C9AF4BB4-63AC-42B7-A3EB-F1CB0F0297BF}.Release|Any CPU.ActiveCfg = Release|Any CPU
		{C9AF4BB4-63AC-42B7-A3EB-F1CB0F0297BF}.Release|Any CPU.Build.0 = Release|Any CPU
		{C666132D-5F55-4CA6-A89F-C9492B656C27}.Debug|Any CPU.ActiveCfg = Debug|Any CPU
		{C666132D-5F55-4CA6-A89F-C9492B656C27}.Debug|Any CPU.Build.0 = Debug|Any CPU
		{C666132D-5F55-4CA6-A89F-C9492B656C27}.Release|Any CPU.ActiveCfg = Release|Any CPU
		{C666132D-5F55-4CA6-A89F-C9492B656C27}.Release|Any CPU.Build.0 = Release|Any CPU
		{9F79AC2D-19A0-4025-9A7B-1007D033A8C5}.Debug|Any CPU.ActiveCfg = Debug|Any CPU
		{9F79AC2D-19A0-4025-9A7B-1007D033A8C5}.Debug|Any CPU.Build.0 = Debug|Any CPU
		{9F79AC2D-19A0-4025-9A7B-1007D033A8C5}.Release|Any CPU.ActiveCfg = Release|Any CPU
		{9F79AC2D-19A0-4025-9A7B-1007D033A8C5}.Release|Any CPU.Build.0 = Release|Any CPU
		{86E619A9-C901-4E3F-AF89-CC5FE32CE30B}.Debug|Any CPU.ActiveCfg = Debug|Any CPU
		{86E619A9-C901-4E3F-AF89-CC5FE32CE30B}.Debug|Any CPU.Build.0 = Debug|Any CPU
		{86E619A9-C901-4E3F-AF89-CC5FE32CE30B}.Release|Any CPU.ActiveCfg = Release|Any CPU
		{86E619A9-C901-4E3F-AF89-CC5FE32CE30B}.Release|Any CPU.Build.0 = Release|Any CPU
		{3E5AE3DE-19CD-47C9-AA40-C14FEA39072E}.Debug|Any CPU.ActiveCfg = Debug|Any CPU
		{3E5AE3DE-19CD-47C9-AA40-C14FEA39072E}.Debug|Any CPU.Build.0 = Debug|Any CPU
		{3E5AE3DE-19CD-47C9-AA40-C14FEA39072E}.Release|Any CPU.ActiveCfg = Release|Any CPU
		{3E5AE3DE-19CD-47C9-AA40-C14FEA39072E}.Release|Any CPU.Build.0 = Release|Any CPU
	EndGlobalSection
	GlobalSection(SolutionProperties) = preSolution
		HideSolutionNode = FALSE
	EndGlobalSection
	GlobalSection(NestedProjects) = preSolution
		{588B3EC5-94F5-4019-919A-400B2249457E} = {9BC854C9-A242-472A-9CAB-C568BAC0FD99}
		{FA64B022-C0EF-4760-BC6A-E76F96E0AB11} = {588B3EC5-94F5-4019-919A-400B2249457E}
		{94FF6DCE-3F80-4550-9C58-F47718BBFFFD} = {9BC854C9-A242-472A-9CAB-C568BAC0FD99}
		{C9AF4BB4-63AC-42B7-A3EB-F1CB0F0297BF} = {94FF6DCE-3F80-4550-9C58-F47718BBFFFD}
		{C666132D-5F55-4CA6-A89F-C9492B656C27} = {94FF6DCE-3F80-4550-9C58-F47718BBFFFD}
		{9F79AC2D-19A0-4025-9A7B-1007D033A8C5} = {94FF6DCE-3F80-4550-9C58-F47718BBFFFD}
		{86E619A9-C901-4E3F-AF89-CC5FE32CE30B} = {94FF6DCE-3F80-4550-9C58-F47718BBFFFD}
		{3E5AE3DE-19CD-47C9-AA40-C14FEA39072E} = {F54BAAF8-3FED-4FA6-8A03-AC593654B682}
	EndGlobalSection
	GlobalSection(ExtensibilityGlobals) = postSolution
		SolutionGuid = {B82598F1-5690-41F3-BE9B-485E79ADCF25}
	EndGlobalSection
EndGlobal
